
Microsoft Visual Studio Solution File, Format Version 12.00
# Visual Studio 2012
# Clarion 2.1.0.2447
Project("{12B76EC0-1D7B-4FA7-A7D0-C524288B48A1}") = "QPLLiteDemoC10", "QPLLiteDemoC10.cwproj", "{F959EA04-F528-4AB5-A51E-41361DAAF2D7}"
EndProject
Project("{2150E333-8FDC-42A3-9474-1A3956D46DE8}") = "Solution Items", "Solution Items", "{{2150E333-8FDC-42A3-9474-1A3956D46DE8}}"
	ProjectSection(SolutionItems) = postProject
		QPLLiteDemoC10.app = QPLLiteDemoC10.app
	EndProjectSection
EndProject
Global
	GlobalSection(SolutionConfigurationPlatforms) = preSolution
		Debug|Win32 = Debug|Win32
		Release|Win32 = Release|Win32
	EndGlobalSection
	GlobalSection(ProjectConfigurationPlatforms) = postSolution
		{F959EA04-F528-4AB5-A51E-41361DAAF2D7}.Debug|Win32.Build.0 = Debug|Win32
		{F959EA04-F528-4AB5-A51E-41361DAAF2D7}.Debug|Win32.ActiveCfg = Debug|Win32
		{F959EA04-F528-4AB5-A51E-41361DAAF2D7}.Release|Win32.Build.0 = Release|Win32
		{F959EA04-F528-4AB5-A51E-41361DAAF2D7}.Release|Win32.ActiveCfg = Release|Win32
	EndGlobalSection
EndGlobal
